<?xml version="1.0" encoding="utf-8"?>
<Project ToolsVersion="4.0" xmlns="http://schemas.microsoft.com/developer/msbuild/2003">
  <ItemGroup>
    <Filter Include="DXUT">
      <UniqueIdentifier>{729de7cc-200c-4daa-b8e9-c4abe1fa52ab}</UniqueIdentifier>
    </Filter>
    <Filter Include="DXUT\Header Files">
      <UniqueIdentifier>{93995380-89BD-4b04-88EB-625FBE52EBFB}</UniqueIdentifier>
      <Extensions>h;hh;hpp;hxx;h++;hm;inl;inc;ipp;xsd</Extensions>
    </Filter>
    <Filter Include="DXUT\Source Files">
      <UniqueIdentifier>{4FC737F1-C7A5-4376-A066-2A32D752A2FF}</UniqueIdentifier>
      <Extensions>cpp;c;cc;cxx;c++;def;odl;idl;hpj;bat;asm;asmx</Extensions>
    </Filter>
    <Filter Include="App">
      <UniqueIdentifier>{675642bd-de54-465b-beff-646695f155a3}</UniqueIdentifier>
    </Filter>
    <Filter Include="App\Header Files">
      <UniqueIdentifier>{245c1fb7-738d-40dc-91bf-97d7d6f7cf14}</UniqueIdentifier>
    </Filter>
    <Filter Include="App\Resource Files">
      <UniqueIdentifier>{67DA6AB6-F800-4c08-8B7A-83BB121AAD01}</UniqueIdentifier>
      <Extensions>rc;ico;cur;bmp;dlg;rc2;rct;bin;rgs;gif;jpg;jpeg;jpe;resx;tiff;tif;png;wav;mfcribbon-ms</Extensions>
    </Filter>
    <Filter Include="App\Shader Files">
      <UniqueIdentifier>{b7b29eeb-37f8-4468-a876-278a518e7407}</UniqueIdentifier>
    </Filter>
    <Filter Include="App\Source Files">
      <UniqueIdentifier>{6c1b65cf-95a4-4f80-a48d-76042dcf5c45}</UniqueIdentifier>
    </Filter>
  </ItemGroup>
  <ItemGroup>
    <ClCompile Include="App.cpp">
      <Filter>DXUT\Source Files</Filter>
    </ClCompile>
    <ClCompile Include="Engine.cpp">
      <Filter>DXUT\Source Files</Filter>
    </ClCompile>
    <ClCompile Include="Error.cpp">
      <Filter>DXUT\Source Files</Filter>
    </ClCompile>
    <ClCompile Include="Graphics.cpp">
      <Filter>DXUT\Source Files</Filter>
    </ClCompile>
    <ClCompile Include="Input.cpp">
      <Filter>DXUT\Source Files</Filter>
    </ClCompile>
    <ClCompile Include="Timer.cpp">
      <Filter>DXUT\Source Files</Filter>
    </ClCompile>
    <ClCompile Include="Window.cpp">
      <Filter>DXUT\Source Files</Filter>
    </ClCompile>
    <ClCompile Include="Triangle.cpp">
      <Filter>App\Source Files</Filter>
    </ClCompile>
    <ClCompile Include="Pipeline.cpp">
      <Filter>App\Source Files</Filter>
    </ClCompile>
  </ItemGroup>
  <ItemGroup>
    <ClInclude Include="App.h">
      <Filter>DXUT\Header Files</Filter>
    </ClInclude>
    <ClInclude Include="DXUT.h">
      <Filter>DXUT\Header Files</Filter>
    </ClInclude>
    <ClInclude Include="Engine.h">
      <Filter>DXUT\Header Files</Filter>
    </ClInclude>
    <ClInclude Include="Error.h">
      <Filter>DXUT\Header Files</Filter>
    </ClInclude>
    <ClInclude Include="Graphics.h">
      <Filter>DXUT\Header Files</Filter>
    </ClInclude>
    <ClInclude Include="Input.h">
      <Filter>DXUT\Header Files</Filter>
    </ClInclude>
    <ClInclude Include="Timer.h">
      <Filter>DXUT\Header Files</Filter>
    </ClInclude>
    <ClInclude Include="Types.h">
      <Filter>DXUT\Header Files</Filter>
    </ClInclude>
    <ClInclude Include="Window.h">
      <Filter>DXUT\Header Files</Filter>
    </ClInclude>
    <ClInclude Include="VBuffer.h">
      <Filter>DXUT\Header Files</Filter>
    </ClInclude>
    <ClInclude Include="Triangle.h">
      <Filter>App\Header Files</Filter>
    </ClInclude>
  </ItemGroup>
  <ItemGroup>
    <ResourceCompile Include="Resources.rc">
      <Filter>App\Resource Files</Filter>
    </ResourceCompile>
  </ItemGroup>
  <ItemGroup>
    <FxCompile Include="Vertex.hlsl">
      <Filter>App\Shader Files</Filter>
    </FxCompile>
    <FxCompile Include="Pixel.hlsl">
      <Filter>App\Shader Files</Filter>
    </FxCompile>
  </ItemGroup>
</Project>